
Microsoft Visual Studio Solution File, Format Version 12.00
# Visual Studio 14
VisualStudioVersion = 14.0.25420.1
MinimumVisualStudioVersion = 10.0.40219.1
Project("{FAE04EC0-301F-11D3-BF4B-00C04F79EFBC}") = "Ormus.Web", "Ormus.Web\Ormus.Web.csproj", "{B03EC8AA-5D1F-46A6-A194-0E781751BF6B}"
EndProject
Project("{FAE04EC0-301F-11D3-BF4B-00C04F79EFBC}") = "Ormus.Core", "Ormus.Core\Ormus.Core.csproj", "{E4C2FFB2-3686-4E34-B342-5E96DBA9EEC2}"
EndProject
Project("{FAE04EC0-301F-11D3-BF4B-00C04F79EFBC}") = "Ormus.AdoNet", "Ormus.AdoNet\Ormus.AdoNet.csproj", "{73D05BAD-133F-4BCC-85AC-B3DE928A5341}"
EndProject
Project("{FAE04EC0-301F-11D3-BF4B-00C04F79EFBC}") = "Ormus.Common", "Ormus.Common\Ormus.Common.csproj", "{8280AC07-E7F7-4FD7-AFE3-565AFF75B341}"
EndProject
Project("{FAE04EC0-301F-11D3-BF4B-00C04F79EFBC}") = "Ormus.Dapper", "Ormus.Dapper\Ormus.Dapper.csproj", "{E2E206D7-6FC0-4B6B-84EC-0320314F899A}"
EndProject
Project("{FAE04EC0-301F-11D3-BF4B-00C04F79EFBC}") = "Ormus.EntityFramework", "Ormus.EntityFramework\Ormus.EntityFramework.csproj", "{3132DC35-2759-42C3-994D-4B3796967FDB}"
EndProject
Project("{FAE04EC0-301F-11D3-BF4B-00C04F79EFBC}") = "Ormus.Hibernate", "Ormus.Hibernate\Ormus.Hibernate.csproj", "{2D0E2C57-EC15-4AD1-8FB0-DBF5FB5F9AFB}"
EndProject
Global
	GlobalSection(SolutionConfigurationPlatforms) = preSolution
		Debug|Any CPU = Debug|Any CPU
		Release|Any CPU = Release|Any CPU
	EndGlobalSection
	GlobalSection(ProjectConfigurationPlatforms) = postSolution
		{B03EC8AA-5D1F-46A6-A194-0E781751BF6B}.Debug|Any CPU.ActiveCfg = Debug|Any CPU
		{B03EC8AA-5D1F-46A6-A194-0E781751BF6B}.Debug|Any CPU.Build.0 = Debug|Any CPU
		{B03EC8AA-5D1F-46A6-A194-0E781751BF6B}.Release|Any CPU.ActiveCfg = Release|Any CPU
		{B03EC8AA-5D1F-46A6-A194-0E781751BF6B}.Release|Any CPU.Build.0 = Release|Any CPU
		{E4C2FFB2-3686-4E34-B342-5E96DBA9EEC2}.Debug|Any CPU.ActiveCfg = Debug|Any CPU
		{E4C2FFB2-3686-4E34-B342-5E96DBA9EEC2}.Debug|Any CPU.Build.0 = Debug|Any CPU
		{E4C2FFB2-3686-4E34-B342-5E96DBA9EEC2}.Release|Any CPU.ActiveCfg = Release|Any CPU
		{E4C2FFB2-3686-4E34-B342-5E96DBA9EEC2}.Release|Any CPU.Build.0 = Release|Any CPU
		{73D05BAD-133F-4BCC-85AC-B3DE928A5341}.Debug|Any CPU.ActiveCfg = Debug|Any CPU
		{73D05BAD-133F-4BCC-85AC-B3DE928A5341}.Debug|Any CPU.Build.0 = Debug|Any CPU
		{73D05BAD-133F-4BCC-85AC-B3DE928A5341}.Release|Any CPU.ActiveCfg = Release|Any CPU
		{73D05BAD-133F-4BCC-85AC-B3DE928A5341}.Release|Any CPU.Build.0 = Release|Any CPU
		{8280AC07-E7F7-4FD7-AFE3-565AFF75B341}.Debug|Any CPU.ActiveCfg = Debug|Any CPU
		{8280AC07-E7F7-4FD7-AFE3-565AFF75B341}.Debug|Any CPU.Build.0 = Debug|Any CPU
		{8280AC07-E7F7-4FD7-AFE3-565AFF75B341}.Release|Any CPU.ActiveCfg = Release|Any CPU
		{8280AC07-E7F7-4FD7-AFE3-565AFF75B341}.Release|Any CPU.Build.0 = Release|Any CPU
		{E2E206D7-6FC0-4B6B-84EC-0320314F899A}.Debug|Any CPU.ActiveCfg = Debug|Any CPU
		{E2E206D7-6FC0-4B6B-84EC-0320314F899A}.Debug|Any CPU.Build.0 = Debug|Any CPU
		{E2E206D7-6FC0-4B6B-84EC-0320314F899A}.Release|Any CPU.ActiveCfg = Release|Any CPU
		{E2E206D7-6FC0-4B6B-84EC-0320314F899A}.Release|Any CPU.Build.0 = Release|Any CPU
		{3132DC35-2759-42C3-994D-4B3796967FDB}.Debug|Any CPU.ActiveCfg = Debug|Any CPU
		{3132DC35-2759-42C3-994D-4B3796967FDB}.Debug|Any CPU.Build.0 = Debug|Any CPU
		{3132DC35-2759-42C3-994D-4B3796967FDB}.Release|Any CPU.ActiveCfg = Release|Any CPU
		{3132DC35-2759-42C3-994D-4B3796967FDB}.Release|Any CPU.Build.0 = Release|Any CPU
		{2D0E2C57-EC15-4AD1-8FB0-DBF5FB5F9AFB}.Debug|Any CPU.ActiveCfg = Debug|Any CPU
		{2D0E2C57-EC15-4AD1-8FB0-DBF5FB5F9AFB}.Debug|Any CPU.Build.0 = Debug|Any CPU
		{2D0E2C57-EC15-4AD1-8FB0-DBF5FB5F9AFB}.Release|Any CPU.ActiveCfg = Release|Any CPU
		{2D0E2C57-EC15-4AD1-8FB0-DBF5FB5F9AFB}.Release|Any CPU.Build.0 = Release|Any CPU
	EndGlobalSection
	GlobalSection(SolutionProperties) = preSolution
		HideSolutionNode = FALSE
	EndGlobalSection
EndGlobal
